
Microsoft Visual Studio Solution File, Format Version 12.00
# Visual Studio 15
VisualStudioVersion = 15.0.28307.421
MinimumVisualStudioVersion = 10.0.40219.1
Project("{B1E792BE-AA5F-4E3C-8C82-674BF9C0715B}") = "IPC_Paint", "C:\Users\walter-frank\Desktop\Paint Booth Control\IPC_Paint\IPC_Paint\IPC_Paint.tsproj", "{FD4B4798-C7F0-41E3-80C9-678457326732}"
EndProject
Project("{B1E792BE-AA5F-4E3C-8C82-674BF9C0715B}") = "IIoT_Robotics", "IIoT_Robotics.tsproj", "{F70AAD93-23B4-4CCA-B994-AD97F001A4C1}"
EndProject
Project("{B1E792BE-AA5F-4E3C-8C82-674BF9C0715B}") = "Cobot_Area_Final", "Cobot_Area_Final.tsproj", "{BBECA413-8EA4-47FC-BE90-90F91F614C52}"
EndProject
Project("{B1E792BE-AA5F-4E3C-8C82-674BF9C0715B}") = "IIoT_Local", "..\IIoT_Local\IIoT_Local.tsproj", "{159B3457-409A-4A95-844A-D0F0F30CF990}"
EndProject
Global
	GlobalSection(SolutionConfigurationPlatforms) = preSolution
		Debug|TwinCAT CE7 (ARMV7) = Debug|TwinCAT CE7 (ARMV7)
		Debug|TwinCAT OS (ARMT2) = Debug|TwinCAT OS (ARMT2)
		Debug|TwinCAT RT (x64) = Debug|TwinCAT RT (x64)
		Debug|TwinCAT RT (x86) = Debug|TwinCAT RT (x86)
		Release|TwinCAT CE7 (ARMV7) = Release|TwinCAT CE7 (ARMV7)
		Release|TwinCAT OS (ARMT2) = Release|TwinCAT OS (ARMT2)
		Release|TwinCAT RT (x64) = Release|TwinCAT RT (x64)
		Release|TwinCAT RT (x86) = Release|TwinCAT RT (x86)
	EndGlobalSection
	GlobalSection(ProjectConfigurationPlatforms) = postSolution
		{FD4B4798-C7F0-41E3-80C9-678457326732}.Debug|TwinCAT CE7 (ARMV7).ActiveCfg = Debug|TwinCAT CE7 (ARMV7)
		{FD4B4798-C7F0-41E3-80C9-678457326732}.Debug|TwinCAT CE7 (ARMV7).Build.0 = Debug|TwinCAT CE7 (ARMV7)
		{FD4B4798-C7F0-41E3-80C9-678457326732}.Debug|TwinCAT OS (ARMT2).ActiveCfg = Debug|TwinCAT OS (ARMT2)
		{FD4B4798-C7F0-41E3-80C9-678457326732}.Debug|TwinCAT OS (ARMT2).Build.0 = Debug|TwinCAT OS (ARMT2)
		{FD4B4798-C7F0-41E3-80C9-678457326732}.Debug|TwinCAT RT (x64).ActiveCfg = Debug|TwinCAT RT (x64)
		{FD4B4798-C7F0-41E3-80C9-678457326732}.Debug|TwinCAT RT (x64).Build.0 = Debug|TwinCAT RT (x64)
		{FD4B4798-C7F0-41E3-80C9-678457326732}.Debug|TwinCAT RT (x86).ActiveCfg = Debug|TwinCAT RT (x86)
		{FD4B4798-C7F0-41E3-80C9-678457326732}.Debug|TwinCAT RT (x86).Build.0 = Debug|TwinCAT RT (x86)
		{FD4B4798-C7F0-41E3-80C9-678457326732}.Release|TwinCAT CE7 (ARMV7).ActiveCfg = Release|TwinCAT CE7 (ARMV7)
		{FD4B4798-C7F0-41E3-80C9-678457326732}.Release|TwinCAT CE7 (ARMV7).Build.0 = Release|TwinCAT CE7 (ARMV7)
		{FD4B4798-C7F0-41E3-80C9-678457326732}.Release|TwinCAT OS (ARMT2).ActiveCfg = Release|TwinCAT OS (ARMT2)
		{FD4B4798-C7F0-41E3-80C9-678457326732}.Release|TwinCAT OS (ARMT2).Build.0 = Release|TwinCAT OS (ARMT2)
		{FD4B4798-C7F0-41E3-80C9-678457326732}.Release|TwinCAT RT (x64).ActiveCfg = Release|TwinCAT RT (x64)
		{FD4B4798-C7F0-41E3-80C9-678457326732}.Release|TwinCAT RT (x64).Build.0 = Release|TwinCAT RT (x64)
		{FD4B4798-C7F0-41E3-80C9-678457326732}.Release|TwinCAT RT (x86).ActiveCfg = Release|TwinCAT RT (x86)
		{FD4B4798-C7F0-41E3-80C9-678457326732}.Release|TwinCAT RT (x86).Build.0 = Release|TwinCAT RT (x86)
		{F70AAD93-23B4-4CCA-B994-AD97F001A4C1}.Debug|TwinCAT CE7 (ARMV7).ActiveCfg = Debug|TwinCAT CE7 (ARMV7)
		{F70AAD93-23B4-4CCA-B994-AD97F001A4C1}.Debug|TwinCAT CE7 (ARMV7).Build.0 = Debug|TwinCAT CE7 (ARMV7)
		{F70AAD93-23B4-4CCA-B994-AD97F001A4C1}.Debug|TwinCAT OS (ARMT2).ActiveCfg = Debug|TwinCAT OS (ARMT2)
		{F70AAD93-23B4-4CCA-B994-AD97F001A4C1}.Debug|TwinCAT OS (ARMT2).Build.0 = Debug|TwinCAT OS (ARMT2)
		{F70AAD93-23B4-4CCA-B994-AD97F001A4C1}.Debug|TwinCAT RT (x64).ActiveCfg = Debug|TwinCAT RT (x64)
		{F70AAD93-23B4-4CCA-B994-AD97F001A4C1}.Debug|TwinCAT RT (x64).Build.0 = Debug|TwinCAT RT (x64)
		{F70AAD93-23B4-4CCA-B994-AD97F001A4C1}.Debug|TwinCAT RT (x86).ActiveCfg = Debug|TwinCAT RT (x86)
		{F70AAD93-23B4-4CCA-B994-AD97F001A4C1}.Debug|TwinCAT RT (x86).Build.0 = Debug|TwinCAT RT (x86)
		{F70AAD93-23B4-4CCA-B994-AD97F001A4C1}.Release|TwinCAT CE7 (ARMV7).ActiveCfg = Release|TwinCAT CE7 (ARMV7)
		{F70AAD93-23B4-4CCA-B994-AD97F001A4C1}.Release|TwinCAT CE7 (ARMV7).Build.0 = Release|TwinCAT CE7 (ARMV7)
		{F70AAD93-23B4-4CCA-B994-AD97F001A4C1}.Release|TwinCAT OS (ARMT2).ActiveCfg = Release|TwinCAT OS (ARMT2)
		{F70AAD93-23B4-4CCA-B994-AD97F001A4C1}.Release|TwinCAT OS (ARMT2).Build.0 = Release|TwinCAT OS (ARMT2)
		{F70AAD93-23B4-4CCA-B994-AD97F001A4C1}.Release|TwinCAT RT (x64).ActiveCfg = Release|TwinCAT RT (x64)
		{F70AAD93-23B4-4CCA-B994-AD97F001A4C1}.Release|TwinCAT RT (x64).Build.0 = Release|TwinCAT RT (x64)
		{F70AAD93-23B4-4CCA-B994-AD97F001A4C1}.Release|TwinCAT RT (x86).ActiveCfg = Release|TwinCAT RT (x86)
		{F70AAD93-23B4-4CCA-B994-AD97F001A4C1}.Release|TwinCAT RT (x86).Build.0 = Release|TwinCAT RT (x86)
		{BBECA413-8EA4-47FC-BE90-90F91F614C52}.Debug|TwinCAT CE7 (ARMV7).ActiveCfg = Debug|TwinCAT CE7 (ARMV7)
		{BBECA413-8EA4-47FC-BE90-90F91F614C52}.Debug|TwinCAT CE7 (ARMV7).Build.0 = Debug|TwinCAT CE7 (ARMV7)
		{BBECA413-8EA4-47FC-BE90-90F91F614C52}.Debug|TwinCAT OS (ARMT2).ActiveCfg = Debug|TwinCAT OS (ARMT2)
		{BBECA413-8EA4-47FC-BE90-90F91F614C52}.Debug|TwinCAT OS (ARMT2).Build.0 = Debug|TwinCAT OS (ARMT2)
		{BBECA413-8EA4-47FC-BE90-90F91F614C52}.Debug|TwinCAT RT (x64).ActiveCfg = Debug|TwinCAT RT (x64)
		{BBECA413-8EA4-47FC-BE90-90F91F614C52}.Debug|TwinCAT RT (x64).Build.0 = Debug|TwinCAT RT (x64)
		{BBECA413-8EA4-47FC-BE90-90F91F614C52}.Debug|TwinCAT RT (x86).ActiveCfg = Debug|TwinCAT RT (x86)
		{BBECA413-8EA4-47FC-BE90-90F91F614C52}.Debug|TwinCAT RT (x86).Build.0 = Debug|TwinCAT RT (x86)
		{BBECA413-8EA4-47FC-BE90-90F91F614C52}.Release|TwinCAT CE7 (ARMV7).ActiveCfg = Release|TwinCAT CE7 (ARMV7)
		{BBECA413-8EA4-47FC-BE90-90F91F614C52}.Release|TwinCAT CE7 (ARMV7).Build.0 = Release|TwinCAT CE7 (ARMV7)
		{BBECA413-8EA4-47FC-BE90-90F91F614C52}.Release|TwinCAT OS (ARMT2).ActiveCfg = Release|TwinCAT OS (ARMT2)
		{BBECA413-8EA4-47FC-BE90-90F91F614C52}.Release|TwinCAT OS (ARMT2).Build.0 = Release|TwinCAT OS (ARMT2)
		{BBECA413-8EA4-47FC-BE90-90F91F614C52}.Release|TwinCAT RT (x64).ActiveCfg = Release|TwinCAT RT (x64)
		{BBECA413-8EA4-47FC-BE90-90F91F614C52}.Release|TwinCAT RT (x64).Build.0 = Release|TwinCAT RT (x64)
		{BBECA413-8EA4-47FC-BE90-90F91F614C52}.Release|TwinCAT RT (x86).ActiveCfg = Release|TwinCAT RT (x86)
		{BBECA413-8EA4-47FC-BE90-90F91F614C52}.Release|TwinCAT RT (x86).Build.0 = Release|TwinCAT RT (x86)
		{159B3457-409A-4A95-844A-D0F0F30CF990}.Debug|TwinCAT CE7 (ARMV7).ActiveCfg = Debug|TwinCAT CE7 (ARMV7)
		{159B3457-409A-4A95-844A-D0F0F30CF990}.Debug|TwinCAT CE7 (ARMV7).Build.0 = Debug|TwinCAT CE7 (ARMV7)
		{159B3457-409A-4A95-844A-D0F0F30CF990}.Debug|TwinCAT OS (ARMT2).ActiveCfg = Debug|TwinCAT OS (ARMT2)
		{159B3457-409A-4A95-844A-D0F0F30CF990}.Debug|TwinCAT OS (ARMT2).Build.0 = Debug|TwinCAT OS (ARMT2)
		{159B3457-409A-4A95-844A-D0F0F30CF990}.Debug|TwinCAT RT (x64).ActiveCfg = Debug|TwinCAT RT (x64)
		{159B3457-409A-4A95-844A-D0F0F30CF990}.Debug|TwinCAT RT (x64).Build.0 = Debug|TwinCAT RT (x64)
		{159B3457-409A-4A95-844A-D0F0F30CF990}.Debug|TwinCAT RT (x86).ActiveCfg = Debug|TwinCAT RT (x86)
		{159B3457-409A-4A95-844A-D0F0F30CF990}.Debug|TwinCAT RT (x86).Build.0 = Debug|TwinCAT RT (x86)
		{159B3457-409A-4A95-844A-D0F0F30CF990}.Release|TwinCAT CE7 (ARMV7).ActiveCfg = Release|TwinCAT CE7 (ARMV7)
		{159B3457-409A-4A95-844A-D0F0F30CF990}.Release|TwinCAT CE7 (ARMV7).Build.0 = Release|TwinCAT CE7 (ARMV7)
		{159B3457-409A-4A95-844A-D0F0F30CF990}.Release|TwinCAT OS (ARMT2).ActiveCfg = Release|TwinCAT OS (ARMT2)
		{159B3457-409A-4A95-844A-D0F0F30CF990}.Release|TwinCAT OS (ARMT2).Build.0 = Release|TwinCAT OS (ARMT2)
		{159B3457-409A-4A95-844A-D0F0F30CF990}.Release|TwinCAT RT (x64).ActiveCfg = Release|TwinCAT RT (x64)
		{159B3457-409A-4A95-844A-D0F0F30CF990}.Release|TwinCAT RT (x64).Build.0 = Release|TwinCAT RT (x64)
		{159B3457-409A-4A95-844A-D0F0F30CF990}.Release|TwinCAT RT (x86).ActiveCfg = Release|TwinCAT RT (x86)
		{159B3457-409A-4A95-844A-D0F0F30CF990}.Release|TwinCAT RT (x86).Build.0 = Release|TwinCAT RT (x86)
		{EA940317-30E6-4D1A-9F81-4A3396B4FCA3}.Debug|TwinCAT CE7 (ARMV7).ActiveCfg = Debug|TwinCAT CE7 (ARMV7)
		{EA940317-30E6-4D1A-9F81-4A3396B4FCA3}.Debug|TwinCAT CE7 (ARMV7).Build.0 = Debug|TwinCAT CE7 (ARMV7)
		{EA940317-30E6-4D1A-9F81-4A3396B4FCA3}.Debug|TwinCAT OS (ARMT2).ActiveCfg = Debug|TwinCAT OS (ARMT2)
		{EA940317-30E6-4D1A-9F81-4A3396B4FCA3}.Debug|TwinCAT OS (ARMT2).Build.0 = Debug|TwinCAT OS (ARMT2)
		{EA940317-30E6-4D1A-9F81-4A3396B4FCA3}.Debug|TwinCAT RT (x64).ActiveCfg = Debug|TwinCAT RT (x64)
		{EA940317-30E6-4D1A-9F81-4A3396B4FCA3}.Debug|TwinCAT RT (x64).Build.0 = Debug|TwinCAT RT (x64)
		{EA940317-30E6-4D1A-9F81-4A3396B4FCA3}.Debug|TwinCAT RT (x86).ActiveCfg = Debug|TwinCAT RT (x86)
		{EA940317-30E6-4D1A-9F81-4A3396B4FCA3}.Debug|TwinCAT RT (x86).Build.0 = Debug|TwinCAT RT (x86)
		{EA940317-30E6-4D1A-9F81-4A3396B4FCA3}.Release|TwinCAT CE7 (ARMV7).ActiveCfg = Release|TwinCAT CE7 (ARMV7)
		{EA940317-30E6-4D1A-9F81-4A3396B4FCA3}.Release|TwinCAT CE7 (ARMV7).Build.0 = Release|TwinCAT CE7 (ARMV7)
		{EA940317-30E6-4D1A-9F81-4A3396B4FCA3}.Release|TwinCAT OS (ARMT2).ActiveCfg = Release|TwinCAT OS (ARMT2)
		{EA940317-30E6-4D1A-9F81-4A3396B4FCA3}.Release|TwinCAT OS (ARMT2).Build.0 = Release|TwinCAT OS (ARMT2)
		{EA940317-30E6-4D1A-9F81-4A3396B4FCA3}.Release|TwinCAT RT (x64).ActiveCfg = Release|TwinCAT RT (x64)
		{EA940317-30E6-4D1A-9F81-4A3396B4FCA3}.Release|TwinCAT RT (x64).Build.0 = Release|TwinCAT RT (x64)
		{EA940317-30E6-4D1A-9F81-4A3396B4FCA3}.Release|TwinCAT RT (x86).ActiveCfg = Release|TwinCAT RT (x86)
		{EA940317-30E6-4D1A-9F81-4A3396B4FCA3}.Release|TwinCAT RT (x86).Build.0 = Release|TwinCAT RT (x86)
	EndGlobalSection
	GlobalSection(SolutionProperties) = preSolution
		HideSolutionNode = FALSE
	EndGlobalSection
	GlobalSection(ExtensibilityGlobals) = postSolution
		SolutionGuid = {A33BF4B1-6CF6-4E42-8CF2-57451E8CC80E}
	EndGlobalSection
EndGlobal
